
Microsoft Visual Studio Solution File, Format Version 12.00
# Visual Studio Version 16
VisualStudioVersion = 16.0.30002.166
MinimumVisualStudioVersion = 10.0.40219.1
Project("{FAE04EC0-301F-11D3-BF4B-00C04F79EFBC}") = "JqueryDatatableEntityFrameworkAspnet", "JqueryDatatableEntityFrameworkAspnet\JqueryDatatableEntityFrameworkAspnet.csproj", "{EF9BE84A-7B7A-4C81-94E6-E0A98AB4A5F2}"
EndProject
Global
	GlobalSection(SolutionConfigurationPlatforms) = preSolution
		Debug|Any CPU = Debug|Any CPU
		Release|Any CPU = Release|Any CPU
	EndGlobalSection
	GlobalSection(ProjectConfigurationPlatforms) = postSolution
		{EF9BE84A-7B7A-4C81-94E6-E0A98AB4A5F2}.Debug|Any CPU.ActiveCfg = Debug|Any CPU
		{EF9BE84A-7B7A-4C81-94E6-E0A98AB4A5F2}.Debug|Any CPU.Build.0 = Debug|Any CPU
		{EF9BE84A-7B7A-4C81-94E6-E0A98AB4A5F2}.Release|Any CPU.ActiveCfg = Release|Any CPU
		{EF9BE84A-7B7A-4C81-94E6-E0A98AB4A5F2}.Release|Any CPU.Build.0 = Release|Any CPU
	EndGlobalSection
	GlobalSection(SolutionProperties) = preSolution
		HideSolutionNode = FALSE
	EndGlobalSection
	GlobalSection(ExtensibilityGlobals) = postSolution
		SolutionGuid = {1F572BC9-3ABE-44CF-AFFB-11140EE38398}
	EndGlobalSection
EndGlobal
